// !$*UTF8*$!
{
	archiveVersion = 1;
	classes = {
	};
	objectVersion = 46;
	objects = {

/* Begin PBXBuildFile section */
		CBEBE3C51DCAD2BF0002CA54 /* AppDelegate.swift in Sources */ = {isa = PBXBuildFile; fileRef = CBEBE3C41DCAD2BF0002CA54 /* AppDelegate.swift */; };
		CBEBE3C71DCAD2BF0002CA54 /* ViewController.swift in Sources */ = {isa = PBXBuildFile; fileRef = CBEBE3C61DCAD2BF0002CA54 /* ViewController.swift */; };
		CBEBE3CA1DCAD2BF0002CA54 /* Main.storyboard in Resources */ = {isa = PBXBuildFile; fileRef = CBEBE3C81DCAD2BF0002CA54 /* Main.storyboard */; };
		CBEBE3CC1DCAD2BF0002CA54 /* Assets.xcassets in Resources */ = {isa = PBXBuildFile; fileRef = CBEBE3CB1DCAD2BF0002CA54 /* Assets.xcassets */; };
		CBEBE3CF1DCAD2BF0002CA54 /* LaunchScreen.storyboard in Resources */ = {isa = PBXBuildFile; fileRef = CBEBE3CD1DCAD2BF0002CA54 /* LaunchScreen.storyboard */; };
/* End PBXBuildFile section */

/* Begin PBXFileReference section */
		CBEBE3C11DCAD2BF0002CA54 /* Smiley.app */ = {isa = PBXFileReference; explicitFileType = wrapper.application; includeInIndex = 0; path = Smiley.app; sourceTree = BUILT_PRODUCTS_DIR; };
		CBEBE3C41DCAD2BF0002CA54 /* AppDelegate.swift */ = {isa = PBXFileReference; lastKnownFileType = sourcecode.swift; path = AppDelegate.swift; sourceTree = "<group>"; };
		CBEBE3C61DCAD2BF0002CA54 /* ViewController.swift */ = {isa = PBXFileReference; lastKnownFileType = sourcecode.swift; path = ViewController.swift; sourceTree = "<group>"; };
		CBEBE3C91DCAD2BF0002CA54 /* Base */ = {isa = PBXFileReference; lastKnownFileType = file.storyboard; name = Base; path = Base.lproj/Main.storyboard; sourceTree = "<group>"; };
		CBEBE3CB1DCAD2BF0002CA54 /* Assets.xcassets */ = {isa = PBXFileReference; lastKnownFileType = folder.assetcatalog; path = Assets.xcassets; sourceTree = "<group>"; };
		CBEBE3CE1DCAD2BF0002CA54 /* Base */ = {isa = PBXFileReference; lastKnownFileType = file.storyboard; name = Base; path = Base.lproj/LaunchScreen.storyboard; sourceTree = "<group>"; };
		CBEBE3D01DCAD2BF0002CA54 /* Info.plist */ = {isa = PBXFileReference; lastKnownFileType = text.plist.xml; path = Info.plist; sourceTree = "<group>"; };
/* End PBXFileReference section */

/* Begin PBXFrameworksBuildPhase section */
		CBEBE3BE1DCAD2BF0002CA54 /* Frameworks */ = {
			isa = PBXFrameworksBuildPhase;
			buildActionMask = 2147483647;
			files = (
			);
			runOnlyForDeploymentPostprocessing = 0;
		};
/* End PBXFrameworksBuildPhase section */

/* Begin PBXGroup section */
		CBEBE3B81DCAD2BF0002CA54 = {
			isa = PBXGroup;
			children = (
				CBEBE3C31DCAD2BF0002CA54 /* Smiley */,
				CBEBE3C21DCAD2BF0002CA54 /* Products */,
			);
			sourceTree = "<group>";
		};
		CBEBE3C21DCAD2BF0002CA54 /* Products */ = {
			isa = PBXGroup;
			children = (
				CBEBE3C11DCAD2BF0002CA54 /* Smiley.app */,
			);
			name = Products;
			sourceTree = "<group>";
		};
		CBEBE3C31DCAD2BF0002CA54 /* Smiley */ = {
			isa = PBXGroup;
			children = (
				CBEBE3C41DCAD2BF0002CA54 /* AppDelegate.swift */,
				CBEBE3C61DCAD2BF0002CA54 /* ViewController.swift */,
				CBEBE3C81DCAD2BF0002CA54 /* Main.storyboard */,
				CBEBE3CB1DCAD2BF0002CA54 /* Assets.xcassets */,
				CBEBE3CD1DCAD2BF0002CA54 /* LaunchScreen.storyboard */,
				CBEBE3D01DCAD2BF0002CA54 /* Info.plist */,
			);
			path = Smiley;
			sourceTree = "<group>";
		};
/* End PBXGroup section */

/* Begin PBXNativeTarget section */
		CBEBE3C01DCAD2BF0002CA54 /* Smiley */ = {
			isa = PBXNativeTarget;
			buildConfigurationList = CBEBE3D31DCAD2BF0002CA54 /* Build configuration list for PBXNativeTarget "Smiley" */;
			buildPhases = (
				CBEBE3BD1DCAD2BF0002CA54 /* Sources */,
				CBEBE3BE1DCAD2BF0002CA54 /* Frameworks */,
				CBEBE3BF1DCAD2BF0002CA54 /* Resources */,
			);
			buildRules = (
			);
			dependencies = (
			);
			name = Smiley;
			productName = Smiley;
			productReference = CBEBE3C11DCAD2BF0002CA54 /* Smiley.app */;
			productType = "com.apple.product-type.application";
		};
/* End PBXNativeTarget section */

/* Begin PBXProject section */
		CBEBE3B91DCAD2BF0002CA54 /* Project object */ = {
			isa = PBXProject;
			attributes = {
				LastSwiftUpdateCheck = 0800;
				LastUpgradeCheck = 0800;
				ORGANIZATIONNAME = "Deeksha Prabhakar";
				TargetAttributes = {
					CBEBE3C01DCAD2BF0002CA54 = {
						CreatedOnToolsVersion = 8.0;
						ProvisioningStyle = Automatic;
					};
				};
			};
			buildConfigurationList = CBEBE3BC1DCAD2BF0002CA54 /* Build configuration list for PBXProject "Smiley" */;
			compatibilityVersion = "Xcode 3.2";
			developmentRegion = English;
			hasScannedForEncodings = 0;
			knownRegions = (
				en,
				Base,
			);
			mainGroup = CBEBE3B81DCAD2BF0002CA54;
			productRefGroup = CBEBE3C21DCAD2BF0002CA54 /* Products */;
			projectDirPath = "";
			projectRoot = "";
			targets = (
				CBEBE3C01DCAD2BF0002CA54 /* Smiley */,
			);
		};
/* End PBXProject section */

/* Begin PBXResourcesBuildPhase section */
		CBEBE3BF1DCAD2BF0002CA54 /* Resources */ = {
			isa = PBXResourcesBuildPhase;
			buildActionMask = 2147483647;
			files = (
				CBEBE3CF1DCAD2BF0002CA54 /* LaunchScreen.storyboard in Resources */,
				CBEBE3CC1DCAD2BF0002CA54 /* Assets.xcassets in Resources */,
				CBEBE3CA1DCAD2BF0002CA54 /* Main.storyboard in Resources */,
			);
			runOnlyForDeploymentPostprocessing = 0;
		};
/* End PBXResourcesBuildPhase section */

/* Begin PBXSourcesBuildPhase section */
		CBEBE3BD1DCAD2BF0002CA54 /* Sources */ = {
			isa = PBXSourcesBuildPhase;
			buildActionMask = 2147483647;
			files = (
				CBEBE3C71DCAD2BF0002CA54 /* ViewController.swift in Sources */,
				CBEBE3C51DCAD2BF0002CA54 /* AppDelegate.swift in Sources */,
			);
			runOnlyForDeploymentPostprocessing = 0;
		};
/* End PBXSourcesBuildPhase section */

/* Begin PBXVariantGroup section */
		CBEBE3C81DCAD2BF0002CA54 /* Main.storyboard */ = {
			isa = PBXVariantGroup;
			children = (
				CBEBE3C91DCAD2BF0002CA54 /* Base */,
			);
			name = Main.storyboard;
			sourceTree = "<group>";
		};
		CBEBE3CD1DCAD2BF0002CA54 /* LaunchScreen.storyboard */ = {
			isa = PBXVariantGroup;
			children = (
				CBEBE3CE1DCAD2BF0002CA54 /* Base */,
			);
			name = LaunchScreen.storyboard;
			sourceTree = "<group>";
		};
/* End PBXVariantGroup section */

/* Begin XCBuildConfiguration section */
		CBEBE3D11DCAD2BF0002CA54 /* Debug */ = {
			isa = XCBuildConfiguration;
			buildSettings = {
				ALWAYS_SEARCH_USER_PATHS = NO;
				CLANG_ANALYZER_NONNULL = YES;
				CLANG_CXX_LANGUAGE_STANDARD = "gnu++0x";
				CLANG_CXX_LIBRARY = "libc++";
				CLANG_ENABLE_MODULES = YES;
				CLANG_ENABLE_OBJC_ARC = YES;
				CLANG_WARN_BOOL_CONVERSION = YES;
				CLANG_WARN_CONSTANT_CONVERSION = YES;
				CLANG_WARN_DIRECT_OBJC_ISA_USAGE = YES_ERROR;
				CLANG_WARN_DOCUMENTATION_COMMENTS = YES;
				CLANG_WARN_EMPTY_BODY = YES;
				CLANG_WARN_ENUM_CONVERSION = YES;
				CLANG_WARN_INFINITE_RECURSION = YES;
				CLANG_WARN_INT_CONVERSION = YES;
				CLANG_WARN_OBJC_ROOT_CLASS = YES_ERROR;
				CLANG_WARN_SUSPICIOUS_MOVES = YES;
				CLANG_WARN_UNREACHABLE_CODE = YES;
				CLANG_WARN__DUPLICATE_METHOD_MATCH = YES;
				"CODE_SIGN_IDENTITY[sdk=iphoneos*]" = "iPhone Developer";
				COPY_PHASE_STRIP = NO;
				DEBUG_INFORMATION_FORMAT = dwarf;
				ENABLE_STRICT_OBJC_MSGSEND = YES;
				ENABLE_TESTABILITY = YES;
				GCC_C_LANGUAGE_STANDARD = gnu99;
				GCC_DYNAMIC_NO_PIC = NO;
				GCC_NO_COMMON_BLOCKS = YES;
				GCC_OPTIMIZATION_LEVEL = 0;
				GCC_PREPROCESSOR_DEFINITIONS = (
					"DEBUG=1",
					"$(inherited)",
				);
				GCC_WARN_64_TO_32_BIT_CONVERSION = YES;
				GCC_WARN_ABOUT_RETURN_TYPE = YES_ERROR;
				GCC_WARN_UNDECLARED_SELECTOR = YES;
				GCC_WARN_UNINITIALIZED_AUTOS = YES_AGGRESSIVE;
				GCC_WARN_UNUSED_FUNCTION = YES;
				GCC_WARN_UNUSED_VARIABLE = YES;
				IPHONEOS_DEPLOYMENT_TARGET = 10.0;
				MTL_ENABLE_DEBUG_INFO = YES;
				ONLY_ACTIVE_ARCH = YES;
				SDKROOT = iphoneos;
				SWIFT_ACTIVE_COMPILATION_CONDITIONS = DEBUG;
				SWIFT_OPTIMIZATION_LEVEL = "-Onone";
			};
			name = Debug;
		};
		CBEBE3D21DCAD2BF0002CA54 /* Release */ = {
			isa = XCBuildConfiguration;
			buildSettings = {
				ALWAYS_SEARCH_USER_PATHS = NO;
				CLANG_ANALYZER_NONNULL = YES;
				CLANG_CXX_LANGUAGE_STANDARD = "gnu++0x";
				CLANG_CXX_LIBRARY = "libc++";
				CLANG_ENABLE_MODULES = YES;
				CLANG_ENABLE_OBJC_ARC = YES;
				CLANG_WARN_BOOL_CONVERSION = YES;
				CLANG_WARN_CONSTANT_CONVERSION = YES;
				CLANG_WARN_DIRECT_OBJC_ISA_USAGE = YES_ERROR;
				CLANG_WARN_DOCUMENTATION_COMMENTS = YES;
				CLANG_WARN_EMPTY_BODY = YES;
				CLANG_WARN_ENUM_CONVERSION = YES;
				CLANG_WARN_INFINITE_RECURSION = YES;
				CLANG_WARN_INT_CONVERSION = YES;
				CLANG_WARN_OBJC_ROOT_CLASS = YES_ERROR;
				CLANG_WARN_SUSPICIOUS_MOVES = YES;
				CLANG_WARN_UNREACHABLE_CODE = YES;
				CLANG_WARN__DUPLICATE_METHOD_MATCH = YES;
				"CODE_SIGN_IDENTITY[sdk=iphoneos*]" = "iPhone Developer";
				COPY_PHASE_STRIP = NO;
				DEBUG_INFORMATION_FORMAT = "dwarf-with-dsym";
				ENABLE_NS_ASSERTIONS = NO;
				ENABLE_STRICT_OBJC_MSGSEND = YES;
				GCC_C_LANGUAGE_STANDARD = gnu99;
				GCC_NO_COMMON_BLOCKS = YES;
				GCC_WARN_64_TO_32_BIT_CONVERSION = YES;
				GCC_WARN_ABOUT_RETURN_TYPE = YES_ERROR;
				GCC_WARN_UNDECLARED_SELECTOR = YES;
				GCC_WARN_UNINITIALIZED_AUTOS = YES_AGGRESSIVE;
				GCC_WARN_UNUSED_FUNCTION = YES;
				GCC_WARN_UNUSED_VARIABLE = YES;
				IPHONEOS_DEPLOYMENT_TARGET = 10.0;
				MTL_ENABLE_DEBUG_INFO = NO;
				SDKROOT = iphoneos;
				SWIFT_OPTIMIZATION_LEVEL = "-Owholemodule";
				VALIDATE_PRODUCT = YES;
			};
			name = Release;
		};
		CBEBE3D41DCAD2BF0002CA54 /* Debug */ = {
			isa = XCBuildConfiguration;
			buildSettings = {
				ASSETCATALOG_COMPILER_APPICON_NAME = AppIcon;
				INFOPLIST_FILE = Smiley/Info.plist;
				LD_RUNPATH_SEARCH_PATHS = "$(inherited) @executable_path/Frameworks";
				PRODUCT_BUNDLE_IDENTIFIER = edu.deekshaprabhakar.Smiley;
				PRODUCT_NAME = "$(TARGET_NAME)";
				SWIFT_VERSION = 3.0;
			};
			name = Debug;
		};
		CBEBE3D51DCAD2BF0002CA54 /* Release */ = {
			isa = XCBuildConfiguration;
			buildSettings = {
				ASSETCATALOG_COMPILER_APPICON_NAME = AppIcon;
				INFOPLIST_FILE = Smiley/Info.plist;
				LD_RUNPATH_SEARCH_PATHS = "$(inherited) @executable_path/Frameworks";
				PRODUCT_BUNDLE_IDENTIFIER = edu.deekshaprabhakar.Smiley;
				PRODUCT_NAME = "$(TARGET_NAME)";
				SWIFT_VERSION = 3.0;
			};
			name = Release;
		};
/* End XCBuildConfiguration section */

/* Begin XCConfigurationList section */
		CBEBE3BC1DCAD2BF0002CA54 /* Build configuration list for PBXProject "Smiley" */ = {
			isa = XCConfigurationList;
			buildConfigurations = (
				CBEBE3D11DCAD2BF0002CA54 /* Debug */,
				CBEBE3D21DCAD2BF0002CA54 /* Release */,
			);
			defaultConfigurationIsVisible = 0;
			defaultConfigurationName = Release;
		};
		CBEBE3D31DCAD2BF0002CA54 /* Build configuration list for PBXNativeTarget "Smiley" */ = {
			isa = XCConfigurationList;
			buildConfigurations = (
				CBEBE3D41DCAD2BF0002CA54 /* Debug */,
				CBEBE3D51DCAD2BF0002CA54 /* Release */,
			);
			defaultConfigurationIsVisible = 0;
		};
/* End XCConfigurationList section */
	};
	rootObject = CBEBE3B91DCAD2BF0002CA54 /* Project object */;
}
